
Microsoft Visual Studio Solution File, Format Version 12.00
# Visual Studio Version 17
VisualStudioVersion = 17.8.34330.188
MinimumVisualStudioVersion = 10.0.40219.1
Project("{FAE04EC0-301F-11D3-BF4B-00C04F79EFBC}") = "dialog_window", "dialog_window\dialog_window.csproj", "{61B94A43-7A04-4304-A1E9-D99C166C7393}"
EndProject
Global
	GlobalSection(SolutionConfigurationPlatforms) = preSolution
		Debug|Any CPU = Debug|Any CPU
		Release|Any CPU = Release|Any CPU
	EndGlobalSection
	GlobalSection(ProjectConfigurationPlatforms) = postSolution
		{61B94A43-7A04-4304-A1E9-D99C166C7393}.Debug|Any CPU.ActiveCfg = Debug|Any CPU
		{61B94A43-7A04-4304-A1E9-D99C166C7393}.Debug|Any CPU.Build.0 = Debug|Any CPU
		{61B94A43-7A04-4304-A1E9-D99C166C7393}.Release|Any CPU.ActiveCfg = Release|Any CPU
		{61B94A43-7A04-4304-A1E9-D99C166C7393}.Release|Any CPU.Build.0 = Release|Any CPU
	EndGlobalSection
	GlobalSection(SolutionProperties) = preSolution
		HideSolutionNode = FALSE
	EndGlobalSection
	GlobalSection(ExtensibilityGlobals) = postSolution
		SolutionGuid = {3791AEA1-137E-4D29-9A22-7DA67B90A7BE}
	EndGlobalSection
EndGlobal
